
Microsoft Visual Studio Solution File, Format Version 12.00
# Visual Studio 15
VisualStudioVersion = 15.0.28010.2003
MinimumVisualStudioVersion = 10.0.40219.1
Project("{FAE04EC0-301F-11D3-BF4B-00C04F79EFBC}") = "ManualResetEventExample", "ManualResetEventExample\ManualResetEventExample.csproj", "{D44796CB-9CB4-44E8-815A-53B064641A54}"
EndProject
Global
	GlobalSection(SolutionConfigurationPlatforms) = preSolution
		Debug|Any CPU = Debug|Any CPU
		Release|Any CPU = Release|Any CPU
	EndGlobalSection
	GlobalSection(ProjectConfigurationPlatforms) = postSolution
		{D44796CB-9CB4-44E8-815A-53B064641A54}.Debug|Any CPU.ActiveCfg = Debug|Any CPU
		{D44796CB-9CB4-44E8-815A-53B064641A54}.Debug|Any CPU.Build.0 = Debug|Any CPU
		{D44796CB-9CB4-44E8-815A-53B064641A54}.Release|Any CPU.ActiveCfg = Release|Any CPU
		{D44796CB-9CB4-44E8-815A-53B064641A54}.Release|Any CPU.Build.0 = Release|Any CPU
	EndGlobalSection
	GlobalSection(SolutionProperties) = preSolution
		HideSolutionNode = FALSE
	EndGlobalSection
	GlobalSection(ExtensibilityGlobals) = postSolution
		SolutionGuid = {5E190DE9-3A5F-4AFE-A29A-3CD725C4B7AF}
	EndGlobalSection
EndGlobal
